{
  "name": "cordova-sqlite-storage",
  "version": "5.1.0",
  "lockfileVersion": 1,
  "requires": true,
  "dependencies": {
    "@types/cordova": {
      "version": "0.0.34",
      "resolved": "https://registry.npmjs.org/@types/cordova/-/cordova-0.0.34.tgz",
      "integrity": "sha1-6nrd907Ow9dimCegw54smt3HPQQ="
    },
    "@types/cordova-ionic": {
      "version": "0.0.29",
      "resolved": "https://registry.npmjs.org/@types/cordova-ionic/-/cordova-ionic-0.0.29.tgz",
      "integrity": "sha1-GYjvOhQlbDo92wxLaWejGmYIA2g="
    },
    "@types/cordova-plugin-app-version": {
      "version": "0.1.36",
      "resolved": "https://registry.npmjs.org/@types/cordova-plugin-app-version/-/cordova-plugin-app-version-0.1.36.tgz",
      "integrity": "sha512-cEUWXGYePaL4I6k8LPqSRIYdrnYyfp1sT9FmJf7ctVup9KvPOhcKSL0LS1WlBMX/p2XbNaFo41vlEfUqQwupeA=="
    },
    "@types/cordova-plugin-background-mode": {
      "version": "0.0.15",
      "resolved": "https://registry.npmjs.org/@types/cordova-plugin-background-mode/-/cordova-plugin-background-mode-0.0.15.tgz",
      "integrity": "sha1-nP1pVtp2u+Mh8AbdgFt0P4MnoVY="
    },
    "@types/cordova-plugin-badge": {
      "version": "0.8.1",
      "resolved": "https://registry.npmjs.org/@types/cordova-plugin-badge/-/cordova-plugin-badge-0.8.1.tgz",
      "integrity": "sha512-Yp9r3qtt3wEy6EJlG4cdS6hqH/h8iYF1zTQKihZKbrtEZeNM4ro07FjP9C8XJEcBHEoxVNwvsIcGMKcPE5EY5A=="
    },
    "@types/cordova-plugin-ble-central": {
      "version": "1.2.1",
      "resolved": "https://registry.npmjs.org/@types/cordova-plugin-ble-central/-/cordova-plugin-ble-central-1.2.1.tgz",
      "integrity": "sha512-AJdw7l9Sb2AZW0cydqWEAu0E7LKFMnLWsjd7eIFVuUfoLT9i08kPoo0ccJtyb96ejdDWWCwdZybMvvNCazC8PQ=="
    },
    "@types/cordova-plugin-bluetoothclassic-serial": {
      "version": "0.9.2",
      "resolved": "https://registry.npmjs.org/@types/cordova-plugin-bluetoothclassic-serial/-/cordova-plugin-bluetoothclassic-serial-0.9.2.tgz",
      "integrity": "sha512-y/+LgMtsQLNezXGaOrmbVgLOi5xCsN40CMHdZEpOutBGta0to1867DDLVnruL22ktTBbl79ikaZ9dcrOrzxFIg=="
    },
    "@types/cordova-plugin-camera": {
      "version": "2.4.0",
      "resolved": "https://registry.npmjs.org/@types/cordova-plugin-camera/-/cordova-plugin-camera-2.4.0.tgz",
      "integrity": "sha512-vTrCRNukFfqPOmhxPc/vtKJ/posn/gCwJd+pOXcLZ+/IzqGw8EeWSuxgZzJIlfJ1GySr3k5fhXPmoPEThFxwVQ==",
      "requires": {
        "cordova-plugin-camera": "*"
      }
    },
    "@types/cordova-plugin-canvascamera": {
      "version": "1.0.2",
      "resolved": "https://registry.npmjs.org/@types/cordova-plugin-canvascamera/-/cordova-plugin-canvascamera-1.0.2.tgz",
      "integrity": "sha512-jJ3rtkKTUBYx8jBnrJE/29dL1/HzZ5hFxDYfjAB6bGNRSmAiQpjrCLjoE2/rHf+2S6M1NqRqXFjL8QVRlZwDBA=="
    },
    "@types/cordova-plugin-device": {
      "version": "1.1.5",
      "resolved": "https://registry.npmjs.org/@types/cordova-plugin-device/-/cordova-plugin-device-1.1.5.tgz",
      "integrity": "sha512-J0RM5fl5vHPOuNS6FXDMYIDXdaN/6FGAUXd0Nx86GkUHme7fD3Ha2NiwPd46tMSn09R8KbsOrIpj1P76N+xBgw==",
      "requires": {
        "cordova-plugin-device": "*"
      }
    },
    "@types/cordova-plugin-device-name": {
      "version": "1.1.1",
      "resolved": "https://registry.npmjs.org/@types/cordova-plugin-device-name/-/cordova-plugin-device-name-1.1.1.tgz",
      "integrity": "sha512-tMPVdJcR3+jD59/UfLuhN0nm93sllxRrJSnI+gZX+JtoXZ2JLykW6uhVKw8rNHSf1/qdtFIlx94aNiA7c4Y6sQ=="
    },
    "@types/cordova-plugin-email-composer": {
      "version": "0.0.29",
      "resolved": "https://registry.npmjs.org/@types/cordova-plugin-email-composer/-/cordova-plugin-email-composer-0.0.29.tgz",
      "integrity": "sha1-i4w5c0tV5YtuYs2m8gkYxfcwDe8="
    },
    "@types/cordova-plugin-file": {
      "version": "4.3.2",
      "resolved": "https://registry.npmjs.org/@types/cordova-plugin-file/-/cordova-plugin-file-4.3.2.tgz",
      "integrity": "sha512-kCvVcLxo2M6NxBCngW8JuFlS3YpsqE6VcH9PKnOdWwtpCBTi7WXhQU9kb0h0/TVX5Bp8ab+qLz0mm9wSkcXdXg==",
      "requires": {
        "cordova-plugin-file": "*"
      }
    },
    "@types/cordova-plugin-file-opener2": {
      "version": "2.0.0",
      "resolved": "https://registry.npmjs.org/@types/cordova-plugin-file-opener2/-/cordova-plugin-file-opener2-2.0.0.tgz",
      "integrity": "sha512-MZ9CT0YZ/B9T9Jkm3T6xlX+OxCc01f0K94AaSNJDVMsbbs0Jl6muPrwjePbkKTlLDpUqyu/14c5kgYo9lb3bdw=="
    },
    "@types/cordova-plugin-file-transfer": {
      "version": "1.6.2",
      "resolved": "https://registry.npmjs.org/@types/cordova-plugin-file-transfer/-/cordova-plugin-file-transfer-1.6.2.tgz",
      "integrity": "sha512-jWZQefyVn/GiQAdummRoY1v5cUY4dT7GNk3Hg40iUtL68y40jKWD3ALAtMM4pnYt9RSMTlsgs1I7/apXexddvw==",
      "requires": {
        "cordova-plugin-file-transfer": "*"
      }
    },
    "@types/cordova-plugin-globalization": {
      "version": "1.0.6",
      "resolved": "https://registry.npmjs.org/@types/cordova-plugin-globalization/-/cordova-plugin-globalization-1.0.6.tgz",
      "integrity": "sha512-to1TxOePcmX1n92xN+yi8hXjQTjmpWpfxkJmzDgIamgQ7MecoLNMnHnnSJLA63nz+Dn9JhjxZ+T54MfptYC/tA==",
      "requires": {
        "cordova-plugin-globalization": "*"
      }
    },
    "@types/cordova-plugin-ibeacon": {
      "version": "3.3.37",
      "resolved": "https://registry.npmjs.org/@types/cordova-plugin-ibeacon/-/cordova-plugin-ibeacon-3.3.37.tgz",
      "integrity": "sha512-vj1DeQ30f8podcqgkTR72Yeb2YnMQ8dXJk8ofYf0ovYpwfJavIHb/2tSwxttKFJ31WD+2Vqac0M2VRIJKWYY5A==",
      "requires": {
        "@types/q": "^0"
      }
    },
    "@types/cordova-plugin-inappbrowser": {
      "version": "2.0.0",
      "resolved": "https://registry.npmjs.org/@types/cordova-plugin-inappbrowser/-/cordova-plugin-inappbrowser-2.0.0.tgz",
      "integrity": "sha512-S9eG7sLFcgU+jXTLPA6WBPQzvkBTFIyl9pqcuBmVOzsUk8Nn3TxC8u/fFpWhnTTcuxt0JBHhnkiymBqs7YXHaw==",
      "requires": {
        "cordova-plugin-inappbrowser": "*"
      }
    },
    "@types/cordova-plugin-insomnia": {
      "version": "4.0.31",
      "resolved": "https://registry.npmjs.org/@types/cordova-plugin-insomnia/-/cordova-plugin-insomnia-4.0.31.tgz",
      "integrity": "sha512-/566N0Uj+zq63946g3BhsoPk5NWgoOMAJ/797tDWxEApARLu5lflqOp74soRr80EtiuFnTE4ihlkKj4g2LUqjw=="
    },
    "@types/cordova-plugin-keyboard": {
      "version": "1.2.0",
      "resolved": "https://registry.npmjs.org/@types/cordova-plugin-keyboard/-/cordova-plugin-keyboard-1.2.0.tgz",
      "integrity": "sha512-Oj5ESfT8bkYscV5nJVp/X8yZDC4WgHGn/RdvNwshf0/sM/BEyu6royPbeQRWOATFy+Nl/tu9NeF+zGYqX/VvXA=="
    },
    "@types/cordova-plugin-mapsforge": {
      "version": "0.0.30",
      "resolved": "https://registry.npmjs.org/@types/cordova-plugin-mapsforge/-/cordova-plugin-mapsforge-0.0.30.tgz",
      "integrity": "sha512-LCHQln/dtMXESAjHAOM2HJkZ13qceW3OIHSD48P2P3YDa79HvJvKwKXnHtk+35D6nlIfYuHUrnWDP/4H4VhbSA=="
    },
    "@types/cordova-plugin-media": {
      "version": "3.0.0",
      "resolved": "https://registry.npmjs.org/@types/cordova-plugin-media/-/cordova-plugin-media-3.0.0.tgz",
      "integrity": "sha512-w4BMaEc0DrwZnzj5iMuReMkaHAzfaC3wRsznjwsnz/q369Sd9YEBGzkBe4a43ALTP9ohXPZRjGxQpKfLzNUs+Q==",
      "requires": {
        "cordova-plugin-media": "*"
      }
    },
    "@types/cordova-plugin-ms-adal": {
      "version": "0.0.18",
      "resolved": "https://registry.npmjs.org/@types/cordova-plugin-ms-adal/-/cordova-plugin-ms-adal-0.0.18.tgz",
      "integrity": "sha1-vBczfdb7PXcpEzLwy+sUe2omquI="
    },
    "@types/cordova-plugin-native-keyboard": {
      "version": "1.3.1",
      "resolved": "https://registry.npmjs.org/@types/cordova-plugin-native-keyboard/-/cordova-plugin-native-keyboard-1.3.1.tgz",
      "integrity": "sha512-3BPGNxchXm/RaItHxmIewHDBeA37LpTm51ErZ0con9tVPUkqOzp3uRqD0rCYTsuxXXyGsAppqXBcYLIyJfoEnw=="
    },
    "@types/cordova-plugin-ouralabs": {
      "version": "1.1.29",
      "resolved": "https://registry.npmjs.org/@types/cordova-plugin-ouralabs/-/cordova-plugin-ouralabs-1.1.29.tgz",
      "integrity": "sha1-G4SzkV5FI0hmWohszbIAxyB7Jro="
    },
    "@types/cordova-plugin-qrscanner": {
      "version": "1.0.31",
      "resolved": "https://registry.npmjs.org/@types/cordova-plugin-qrscanner/-/cordova-plugin-qrscanner-1.0.31.tgz",
      "integrity": "sha512-Z2P9UiTV0Lhd91bzb8utgbobi9sx0VEl4DzKHIHUzPhgquZtXwRx+JhQPxBdtwhFAa9YVqmQ/sKgzakEQHW95g=="
    },
    "@types/cordova-plugin-spinner": {
      "version": "1.0.29",
      "resolved": "https://registry.npmjs.org/@types/cordova-plugin-spinner/-/cordova-plugin-spinner-1.0.29.tgz",
      "integrity": "sha1-Qsek6yFoKfUZejgpp43yOSE87HA="
    },
    "@types/cordova-plugin-websql": {
      "version": "0.0.3",
      "resolved": "https://registry.npmjs.org/@types/cordova-plugin-websql/-/cordova-plugin-websql-0.0.3.tgz",
      "integrity": "sha1-F39pO9Q8jS53Bi8sIZ5aEXzxOJ0="
    },
    "@types/cordova-plugin-x-socialsharing": {
      "version": "5.4.5",
      "resolved": "https://registry.npmjs.org/@types/cordova-plugin-x-socialsharing/-/cordova-plugin-x-socialsharing-5.4.5.tgz",
      "integrity": "sha512-UeuZw12+zpoCSW25MJSI1otsVWEOfLfH94SlxSaMiV0QIzZ1yM58nUUBKIL/Omq5k87hdhD5E5roBa1ZZ5em9w==",
      "requires": {
        "cordova-plugin-x-socialsharing": "*"
      }
    },
    "@types/cordova-sqlite-storage": {
      "version": "1.5.4",
      "resolved": "https://registry.npmjs.org/@types/cordova-sqlite-storage/-/cordova-sqlite-storage-1.5.4.tgz",
      "integrity": "sha512-/ScqZRyagiqL5uAdN3Pd4oZoFxu8ZslDcQPdPAwRPn28S8cnZlNimVGmsn5o3gh3CzQa1+MmZPgWVDK2u+2sIg=="
    },
    "@types/cordova-universal-links-plugin": {
      "version": "1.2.0",
      "resolved": "https://registry.npmjs.org/@types/cordova-universal-links-plugin/-/cordova-universal-links-plugin-1.2.0.tgz",
      "integrity": "sha512-RFE/dr2pMBLIzqIe/PVgZWvbXK2EN9MEQ2FB35QYeco363z0M9d/eigy4JPj7y5Edp0rwFYH1Z2nZAyXyDmEMA=="
    },
    "@types/q": {
      "version": "0.0.38",
      "resolved": "https://registry.npmjs.org/@types/q/-/q-0.0.38.tgz",
      "integrity": "sha512-uIgMipzzpJQG77qTC5zmHiGav9ig3qs7xC0U8NWiQQ+VE3HXLJoXosL4tQ6kv1/0eOybQp5qkDvmwd+5bpgz9w=="
    },
    "coffeescript": {
      "version": "1.12.7",
      "resolved": "https://registry.npmjs.org/coffeescript/-/coffeescript-1.12.7.tgz",
      "integrity": "sha512-pLXHFxQMPklVoEekowk8b3erNynC+DVJzChxS/LCBBgR6/8AJkHivkm//zbowcfc7BTCAjryuhx6gPqPRfsFoA==",
      "dev": true
    },
    "cordova-plugin-camera": {
      "version": "5.0.1",
      "resolved": "https://registry.npmjs.org/cordova-plugin-camera/-/cordova-plugin-camera-5.0.1.tgz",
      "integrity": "sha512-9gXyZvI8u9KzsZuqmB8Yw+uheF+7f+usMAwvOMw7L7pqbykg+bm9US5zjhJbwit3A1cSblgZkpBafe5cFiMcTA=="
    },
    "cordova-plugin-device": {
      "version": "2.0.3",
      "resolved": "https://registry.npmjs.org/cordova-plugin-device/-/cordova-plugin-device-2.0.3.tgz",
      "integrity": "sha512-Jb3V72btxf3XHpkPQsGdyc8N6tVBYn1vsxSFj43fIz9vonJDUThYPCJJHqk6PX6N4dJw6I4FjxkpfCR4LDYMlw=="
    },
    "cordova-plugin-file": {
      "version": "6.0.2",
      "resolved": "https://registry.npmjs.org/cordova-plugin-file/-/cordova-plugin-file-6.0.2.tgz",
      "integrity": "sha512-m7cughw327CjONN/qjzsTpSesLaeybksQh420/gRuSXJX5Zt9NfgsSbqqKDon6jnQ9Mm7h7imgyO2uJ34XMBtA=="
    },
    "cordova-plugin-file-transfer": {
      "version": "1.7.1",
      "resolved": "https://registry.npmjs.org/cordova-plugin-file-transfer/-/cordova-plugin-file-transfer-1.7.1.tgz",
      "integrity": "sha1-p12L4uvDu5sjxbG70ZkhTsJnWGs="
    },
    "cordova-plugin-globalization": {
      "version": "1.11.0",
      "resolved": "https://registry.npmjs.org/cordova-plugin-globalization/-/cordova-plugin-globalization-1.11.0.tgz",
      "integrity": "sha1-6sMVgQAphJOvowvolA5pj2HvvP4="
    },
    "cordova-plugin-inappbrowser": {
      "version": "5.0.0",
      "resolved": "https://registry.npmjs.org/cordova-plugin-inappbrowser/-/cordova-plugin-inappbrowser-5.0.0.tgz",
      "integrity": "sha512-MqnpmUQ/iy6hxtIGDdlIhy8aNi1pNanLATpbnkk7uCqW9YQ4rH/dGK9zESbZ50pUi2A2D2QMjBXNV175TJK5OQ=="
    },
    "cordova-plugin-media": {
      "version": "5.0.3",
      "resolved": "https://registry.npmjs.org/cordova-plugin-media/-/cordova-plugin-media-5.0.3.tgz",
      "integrity": "sha512-UQPFlpk1zL4BY44zGi8RVmYCvcKBCN4Dyf8ovxqGYCC8zR1yhbTRWYDdO9vJdERwbfgWV7+z7FMWiSUfqWm9bQ=="
    },
    "cordova-plugin-x-socialsharing": {
      "version": "6.0.3",
      "resolved": "https://registry.npmjs.org/cordova-plugin-x-socialsharing/-/cordova-plugin-x-socialsharing-6.0.3.tgz",
      "integrity": "sha512-pnrE2CXsz4G0n0WoFDAasLS1VT3nIsNpddvXgfpiqX3wyOlSjO2NdF+sjYaTvs1B+f7z8EWbYCHpCrgBQiMLIg=="
    },
    "cordova-sqlite-storage-dependencies": {
      "version": "3.0.0",
      "resolved": "https://registry.npmjs.org/cordova-sqlite-storage-dependencies/-/cordova-sqlite-storage-dependencies-3.0.0.tgz",
      "integrity": "sha512-A7gV5lQZc0oPrJ/a+lsZmMZr7vYou4MXyQFOY+b/dwuCMsagLT0EsL7oY54tqzpvjtzLfh0aZGGm9i8DMAIFSA=="
    },
    "cordova-typescript-types": {
      "version": "1.0.0",
      "resolved": "https://registry.npmjs.org/cordova-typescript-types/-/cordova-typescript-types-1.0.0.tgz",
      "integrity": "sha512-ZEVR8jWKjYzUwiLOYDBv47UrM1cExXrQWpitBj9fYJ1uRtnxwmPoKTeOm0Up3/BW5GTj+hcxPImpFj3ZE6eVZw==",
      "requires": {
        "@types/cordova": "0.0.34",
        "@types/cordova-ionic": "0.0.29",
        "@types/cordova-plugin-app-version": "^0.1.35",
        "@types/cordova-plugin-background-mode": "0.0.15",
        "@types/cordova-plugin-badge": "^0.8.0",
        "@types/cordova-plugin-ble-central": "^1.2.0",
        "@types/cordova-plugin-bluetoothclassic-serial": "^0.9.1",
        "@types/cordova-plugin-camera": "^2.4.0",
        "@types/cordova-plugin-canvascamera": "^1.0.1",
        "@types/cordova-plugin-device": "^1.1.5",
        "@types/cordova-plugin-device-name": "^1.1.0",
        "@types/cordova-plugin-email-composer": "0.0.29",
        "@types/cordova-plugin-file": "^4.3.2",
        "@types/cordova-plugin-file-opener2": "^2.0.0",
        "@types/cordova-plugin-file-transfer": "^1.6.2",
        "@types/cordova-plugin-globalization": "^1.0.6",
        "@types/cordova-plugin-ibeacon": "^3.3.36",
        "@types/cordova-plugin-inappbrowser": "^2.0.0",
        "@types/cordova-plugin-insomnia": "^4.0.30",
        "@types/cordova-plugin-keyboard": "^1.2.0",
        "@types/cordova-plugin-mapsforge": "0.0.30",
        "@types/cordova-plugin-media": "^3.0.0",
        "@types/cordova-plugin-ms-adal": "0.0.18",
        "@types/cordova-plugin-native-keyboard": "^1.3.1",
        "@types/cordova-plugin-ouralabs": "^1.1.29",
        "@types/cordova-plugin-qrscanner": "^1.0.31",
        "@types/cordova-plugin-spinner": "^1.0.29",
        "@types/cordova-plugin-websql": "0.0.3",
        "@types/cordova-plugin-x-socialsharing": "^5.1.2",
        "@types/cordova-sqlite-storage": "^1.5.4",
        "@types/cordova-universal-links-plugin": "^1.2.0"
      }
    },
    "cross-spawn": {
      "version": "6.0.5",
      "resolved": "https://registry.npmjs.org/cross-spawn/-/cross-spawn-6.0.5.tgz",
      "integrity": "sha512-eTVLrBSt7fjbDygz805pMnstIs2VTBNkRm0qxZd+M7A5XDdxVRWO5MxGBXZhjY4cqLYLdtrGqRf8mBPmzwSpWQ==",
      "dev": true,
      "requires": {
        "nice-try": "^1.0.4",
        "path-key": "^2.0.1",
        "semver": "^5.5.0",
        "shebang-command": "^1.2.0",
        "which": "^1.2.9"
      }
    },
    "fs-extra": {
      "version": "8.1.0",
      "resolved": "https://registry.npmjs.org/fs-extra/-/fs-extra-8.1.0.tgz",
      "integrity": "sha512-yhlQgA6mnOJUKOsRUFsgJdQCvkKhcz8tlZG5HBQfReYZy46OwLcY+Zia0mtdHsOo9y/hP+CxMN0TU9QxoOtG4g==",
      "dev": true,
      "requires": {
        "graceful-fs": "^4.2.0",
        "jsonfile": "^4.0.0",
        "universalify": "^0.1.0"
      }
    },
    "graceful-fs": {
      "version": "4.2.6",
      "resolved": "https://registry.npmjs.org/graceful-fs/-/graceful-fs-4.2.6.tgz",
      "integrity": "sha512-nTnJ528pbqxYanhpDYsi4Rd8MAeaBA67+RZ10CM1m3bTAVFEDcd5AuA4a6W5YkGZ1iNXHzZz8T6TBKLeBuNriQ==",
      "dev": true
    },
    "isexe": {
      "version": "2.0.0",
      "resolved": "https://registry.npmjs.org/isexe/-/isexe-2.0.0.tgz",
      "integrity": "sha1-6PvzdNxVb/iUehDcsFctYz8s+hA=",
      "dev": true
    },
    "jsonfile": {
      "version": "4.0.0",
      "resolved": "https://registry.npmjs.org/jsonfile/-/jsonfile-4.0.0.tgz",
      "integrity": "sha1-h3Gq4HmbZAdrdmQPygWPnBDjPss=",
      "dev": true,
      "requires": {
        "graceful-fs": "^4.1.6"
      }
    },
    "nice-try": {
      "version": "1.0.5",
      "resolved": "https://registry.npmjs.org/nice-try/-/nice-try-1.0.5.tgz",
      "integrity": "sha512-1nh45deeb5olNY7eX82BkPO7SSxR5SSYJiPTrTdFUVYwAl8CKMA5N9PjTYkHiRjisVcxcQ1HXdLhx2qxxJzLNQ==",
      "dev": true
    },
    "path-key": {
      "version": "2.0.1",
      "resolved": "https://registry.npmjs.org/path-key/-/path-key-2.0.1.tgz",
      "integrity": "sha1-QRyttXTFoUDTpLGRDUDYDMn0C0A=",
      "dev": true
    },
    "semver": {
      "version": "5.7.1",
      "resolved": "https://registry.npmjs.org/semver/-/semver-5.7.1.tgz",
      "integrity": "sha512-sauaDf/PZdVgrLTNYHRtpXa1iRiKcaebiKQ1BJdpQlWH2lCvexQdX55snPFyK7QzpudqbCI0qXFfOasHdyNDGQ==",
      "dev": true
    },
    "shebang-command": {
      "version": "1.2.0",
      "resolved": "https://registry.npmjs.org/shebang-command/-/shebang-command-1.2.0.tgz",
      "integrity": "sha1-RKrGW2lbAzmJaMOfNj/uXer98eo=",
      "dev": true,
      "requires": {
        "shebang-regex": "^1.0.0"
      }
    },
    "shebang-regex": {
      "version": "1.0.0",
      "resolved": "https://registry.npmjs.org/shebang-regex/-/shebang-regex-1.0.0.tgz",
      "integrity": "sha1-2kL0l0DAtC2yypcoVxyxkMmO/qM=",
      "dev": true
    },
    "universalify": {
      "version": "0.1.2",
      "resolved": "https://registry.npmjs.org/universalify/-/universalify-0.1.2.tgz",
      "integrity": "sha512-rBJeI5CXAlmy1pV+617WB9J63U6XcazHHF2f2dbJix4XzpUF0RS3Zbj0FGIOCAva5P/d/GBOYaACQ1w+0azUkg==",
      "dev": true
    },
    "which": {
      "version": "1.3.1",
      "resolved": "https://registry.npmjs.org/which/-/which-1.3.1.tgz",
      "integrity": "sha512-HxJdYWq1MTIQbJ3nw0cqssHoTNU267KlrDuGZ1WYlxDStUtKUhOaJmh112/TZmHxxUfuJqPXSOm7tDyas0OSIQ==",
      "dev": true,
      "requires": {
        "isexe": "^2.0.0"
      }
    }
  }
}
